{
    "_readme": [
        "This file locks the dependencies of your project to a known state",
        "Read more about it at http://getcomposer.org/doc/01-basic-usage.md#composer-lock-the-lock-file"
    ],
    "hash": "d793402f7b9d587f815ed0da47d25dea",
    "packages": [
        {
            "name": "dotink/flourish",
            "version": "dev-master",
            "source": {
                "type": "git",
                "url": "https://github.com/dotink/thrive.git",
                "reference": "4a45453fd94088886932c286f5a88985847d5628"
            },
            "dist": {
                "type": "zip",
                "url": "https://api.github.com/repos/dotink/thrive/zipball/4a45453fd94088886932c286f5a88985847d5628",
                "reference": "4a45453fd94088886932c286f5a88985847d5628",
                "shasum": ""
            },
            "require": {
                "dotink/flourish-core": "dev-master",
                "dotink/flourish-json": "dev-master",
                "dotink/flourish-message": "dev-master",
                "dotink/flourish-text": "dev-master",
                "dotink/flourish-url": "dev-master",
                "php": ">=5.4.0"
            },
            "type": "metapackage",
            "license": [
                "AGPL 3.0"
            ],
            "authors": [
                {
                    "name": "Matthew J. Sahagian",
                    "email": "matt@imarc.net",
                    "role": "Lead Architect / Developer"
                }
            ],
            "description": "A modernized Flourish library",
            "support": {
                "source": "https://github.com/dotink/thrive/tree/master",
                "issues": "https://github.com/dotink/thrive/issues"
            },
            "time": "2013-03-24 18:57:01"
        },
        {
            "name": "dotink/flourish-core",
            "version": "dev-master",
            "source": {
                "type": "git",
                "url": "https://github.com/dotink/flourish-core.git",
                "reference": "416239136e037051a72e3d75990e2b3f4c3377d1"
            },
            "dist": {
                "type": "zip",
                "url": "https://api.github.com/repos/dotink/flourish-core/zipball/416239136e037051a72e3d75990e2b3f4c3377d1",
                "reference": "416239136e037051a72e3d75990e2b3f4c3377d1",
                "shasum": ""
            },
            "require": {
                "php": ">=5.3.0"
            },
            "type": "library",
            "autoload": {
                "classmap": [
                    "src/"
                ]
            },
            "license": [
                "AGPL 3.0"
            ],
            "authors": [
                {
                    "name": "Matthew J. Sahagian",
                    "email": "matt@imarc.net",
                    "role": "Developer"
                }
            ],
            "description": "Useful debugging, error/exception handling, and normalization classes",
            "keywords": [
                "debugging",
                "error handling",
                "exception handling"
            ],
            "support": {
                "source": "https://github.com/dotink/flourish-core/tree/master",
                "issues": "https://github.com/dotink/flourish-core/issues"
            },
            "time": "2013-04-13 10:29:05"
        },
        {
            "name": "dotink/flourish-json",
            "version": "dev-master",
            "source": {
                "type": "git",
                "url": "https://github.com/dotink/flourish-json.git",
                "reference": "1199c19c320f25ff8773adc0de2288c645b8c465"
            },
            "dist": {
                "type": "zip",
                "url": "https://api.github.com/repos/dotink/flourish-json/zipball/1199c19c320f25ff8773adc0de2288c645b8c465",
                "reference": "1199c19c320f25ff8773adc0de2288c645b8c465",
                "shasum": ""
            },
            "require": {
                "dotink/flourish-core": "dev-master",
                "php": ">=5.3.0"
            },
            "type": "library",
            "autoload": {
                "classmap": [
                    "src/"
                ]
            },
            "license": [
                "AGPL 3.0"
            ],
            "authors": [
                {
                    "name": "Matthew J. Sahagian",
                    "email": "matt@imarc.net",
                    "role": "Developer"
                }
            ],
            "description": "A JSON manipulation class",
            "keywords": [
                "json"
            ],
            "support": {
                "source": "https://github.com/dotink/flourish-json/tree/master",
                "issues": "https://github.com/dotink/flourish-json/issues"
            },
            "time": "2013-04-13 11:58:55"
        },
        {
            "name": "dotink/flourish-message",
            "version": "dev-master",
            "source": {
                "type": "git",
                "url": "https://github.com/dotink/flourish-message.git",
                "reference": "c2916043904959d0cc38a9891a5f939f111f1d0e"
            },
            "dist": {
                "type": "zip",
                "url": "https://api.github.com/repos/dotink/flourish-message/zipball/c2916043904959d0cc38a9891a5f939f111f1d0e",
                "reference": "c2916043904959d0cc38a9891a5f939f111f1d0e",
                "shasum": ""
            },
            "require": {
                "php": ">=5.3.0"
            },
            "type": "library",
            "autoload": {
                "classmap": [
                    "src/"
                ]
            },
            "license": [
                "AGPL 3.0"
            ],
            "authors": [
                {
                    "name": "Will Bond",
                    "email": "will@wbond.net",
                    "role": "Original Author"
                },
                {
                    "name": "Matthew J. Sahagian",
                    "email": "matt@imarc.net",
                    "role": "Developer"
                }
            ],
            "description": "Session based messaging for alerts and notifications",
            "keywords": [
                "alert",
                "message",
                "notification"
            ],
            "support": {
                "source": "https://github.com/dotink/flourish-message/tree/master",
                "issues": "https://github.com/dotink/flourish-message/issues"
            },
            "time": "2013-04-13 11:57:40"
        },
        {
            "name": "dotink/flourish-text",
            "version": "dev-master",
            "source": {
                "type": "git",
                "url": "https://github.com/dotink/flourish-text.git",
                "reference": "a619926202e934a27443a3640acd2db8fe0c92ad"
            },
            "dist": {
                "type": "zip",
                "url": "https://api.github.com/repos/dotink/flourish-text/zipball/a619926202e934a27443a3640acd2db8fe0c92ad",
                "reference": "a619926202e934a27443a3640acd2db8fe0c92ad",
                "shasum": ""
            },
            "require": {
                "dotink/flourish-core": "dev-master",
                "php": ">=5.3.0"
            },
            "type": "library",
            "autoload": {
                "classmap": [
                    "src/"
                ]
            },
            "license": [
                "AGPL 3.0"
            ],
            "authors": [
                {
                    "name": "Matthew J. Sahagian",
                    "email": "matt@imarc.net",
                    "role": "Developer"
                }
            ],
            "description": "Language sensitive text transformation and translation",
            "keywords": [
                "i18n",
                "language",
                "multi-lingual",
                "text transformation"
            ],
            "support": {
                "source": "https://github.com/dotink/flourish-text/tree/master",
                "issues": "https://github.com/dotink/flourish-text/issues"
            },
            "time": "2013-04-13 12:00:20"
        },
        {
            "name": "dotink/flourish-url",
            "version": "dev-master",
            "source": {
                "type": "git",
                "url": "https://github.com/dotink/flourish-url.git",
                "reference": "7bd05ddeab535d03e1c982e7a808837e3060c000"
            },
            "dist": {
                "type": "zip",
                "url": "https://api.github.com/repos/dotink/flourish-url/zipball/7bd05ddeab535d03e1c982e7a808837e3060c000",
                "reference": "7bd05ddeab535d03e1c982e7a808837e3060c000",
                "shasum": ""
            },
            "require": {
                "dotink/flourish-core": "dev-master",
                "php": ">=5.3.0"
            },
            "type": "library",
            "autoload": {
                "classmap": [
                    "src/"
                ]
            },
            "license": [
                "AGPL 3.0"
            ],
            "authors": [
                {
                    "name": "Will Bond",
                    "email": "will@wbond.net",
                    "role": "Original Author"
                },
                {
                    "name": "Matthew J. Sahagian",
                    "email": "matt@imarc.net",
                    "role": "Developer"
                }
            ],
            "description": "A URL parser and manipulation class",
            "keywords": [
                "URL"
            ],
            "support": {
                "source": "https://github.com/dotink/flourish-url/tree/master",
                "issues": "https://github.com/dotink/flourish-url/issues"
            },
            "time": "2013-04-13 12:01:20"
        },
        {
            "name": "imarc/tails",
            "version": "dev-master",
            "source": {
                "type": "git",
                "url": "https://github.com/imarc/tails.git",
                "reference": "33c3326c6244ef567e0cc120929550db4d1b6450"
            },
            "dist": {
                "type": "zip",
                "url": "https://api.github.com/repos/imarc/tails/zipball/33c3326c6244ef567e0cc120929550db4d1b6450",
                "reference": "33c3326c6244ef567e0cc120929550db4d1b6450",
                "shasum": ""
            },
            "require": {
                "php": ">=5.3.0"
            },
            "type": "library",
            "autoload": {
                "psr-0": {
                    "iMarc\\Tails": "src/",
                    "Diff": "src/"
                }
            },
            "notification-url": "https://packagist.org/downloads/",
            "license": [
                "MIT"
            ],
            "authors": [
                {
                    "name": "Matthew J. Sahagian",
                    "email": "matt@imarc.net",
                    "role": "Developer"
                }
            ],
            "description": "A convention based installation script for composer packages",
            "time": "2013-04-13 20:33:10"
        }
    ],
    "packages-dev": [

    ],
    "aliases": [

    ],
    "minimum-stability": "dev",
    "stability-flags": {
        "imarc/tails": 20,
        "dotink/flourish": 20
    },
    "platform": {
        "php": ">=5.4.0"
    },
    "platform-dev": [

    ]
}
